
Microsoft Visual Studio Solution File, Format Version 12.00
# Visual Studio 2013
VisualStudioVersion = 12.0.31101.0
MinimumVisualStudioVersion = 10.0.40219.1
Project("{FAE04EC0-301F-11D3-BF4B-00C04F79EFBC}") = "AirCraftAttackServices", "AirCraftAttackServices\AirCraftAttackServices.csproj", "{9A0710B5-9C35-48AA-AB24-C2C84A0E6F68}"
EndProject
Project("{2150E333-8FDC-42A3-9474-1A3956D46DE8}") = "AirCraftAttack.UniversalApps", "AirCraftAttack.UniversalApps", "{1B708F90-E6A0-4FF9-8C2C-7CFC8EFAF31E}"
EndProject
Project("{D954291E-2A0B-460D-934E-DC6B0785DB48}") = "AirCraftAttack.UniversalApps.Shared", "..\UniversalApps\AirCraftAttack.UniversalApps\AirCraftAttack.UniversalApps.Shared\AirCraftAttack.UniversalApps.Shared.shproj", "{F735F8D4-3DF2-4EA1-AE99-D54D4B88C5F5}"
EndProject
Project("{FAE04EC0-301F-11D3-BF4B-00C04F79EFBC}") = "AirCraftAttack.UniversalApps.Windows", "..\UniversalApps\AirCraftAttack.UniversalApps\AirCraftAttack.UniversalApps.Windows\AirCraftAttack.UniversalApps.Windows.csproj", "{0653EC90-E9C7-42C5-8AD3-849D14A4E491}"
EndProject
Project("{FAE04EC0-301F-11D3-BF4B-00C04F79EFBC}") = "AirCraftAttack.UniversalApps.WindowsPhone", "..\UniversalApps\AirCraftAttack.UniversalApps\AirCraftAttack.UniversalApps.WindowsPhone\AirCraftAttack.UniversalApps.WindowsPhone.csproj", "{1B6A0219-C039-44F5-956C-FE5806310738}"
EndProject
Global
	GlobalSection(SharedMSBuildProjectFiles) = preSolution
		..\UniversalApps\AirCraftAttack.UniversalApps\AirCraftAttack.UniversalApps.Shared\AirCraftAttack.UniversalApps.Shared.projitems*{f735f8d4-3df2-4ea1-ae99-d54d4b88c5f5}*SharedItemsImports = 13
		..\UniversalApps\AirCraftAttack.UniversalApps\AirCraftAttack.UniversalApps.Shared\AirCraftAttack.UniversalApps.Shared.projitems*{1b6a0219-c039-44f5-956c-fe5806310738}*SharedItemsImports = 4
		..\UniversalApps\AirCraftAttack.UniversalApps\AirCraftAttack.UniversalApps.Shared\AirCraftAttack.UniversalApps.Shared.projitems*{0653ec90-e9c7-42c5-8ad3-849d14a4e491}*SharedItemsImports = 4
	EndGlobalSection
	GlobalSection(SolutionConfigurationPlatforms) = preSolution
		Debug|Any CPU = Debug|Any CPU
		Debug|ARM = Debug|ARM
		Debug|x64 = Debug|x64
		Debug|x86 = Debug|x86
		Release|Any CPU = Release|Any CPU
		Release|ARM = Release|ARM
		Release|x64 = Release|x64
		Release|x86 = Release|x86
	EndGlobalSection
	GlobalSection(ProjectConfigurationPlatforms) = postSolution
		{9A0710B5-9C35-48AA-AB24-C2C84A0E6F68}.Debug|Any CPU.ActiveCfg = Debug|Any CPU
		{9A0710B5-9C35-48AA-AB24-C2C84A0E6F68}.Debug|Any CPU.Build.0 = Debug|Any CPU
		{9A0710B5-9C35-48AA-AB24-C2C84A0E6F68}.Debug|ARM.ActiveCfg = Debug|Any CPU
		{9A0710B5-9C35-48AA-AB24-C2C84A0E6F68}.Debug|x64.ActiveCfg = Debug|Any CPU
		{9A0710B5-9C35-48AA-AB24-C2C84A0E6F68}.Debug|x86.ActiveCfg = Debug|Any CPU
		{9A0710B5-9C35-48AA-AB24-C2C84A0E6F68}.Release|Any CPU.ActiveCfg = Release|Any CPU
		{9A0710B5-9C35-48AA-AB24-C2C84A0E6F68}.Release|Any CPU.Build.0 = Release|Any CPU
		{9A0710B5-9C35-48AA-AB24-C2C84A0E6F68}.Release|ARM.ActiveCfg = Release|Any CPU
		{9A0710B5-9C35-48AA-AB24-C2C84A0E6F68}.Release|x64.ActiveCfg = Release|Any CPU
		{9A0710B5-9C35-48AA-AB24-C2C84A0E6F68}.Release|x86.ActiveCfg = Release|Any CPU
		{0653EC90-E9C7-42C5-8AD3-849D14A4E491}.Debug|Any CPU.ActiveCfg = Debug|Any CPU
		{0653EC90-E9C7-42C5-8AD3-849D14A4E491}.Debug|Any CPU.Build.0 = Debug|Any CPU
		{0653EC90-E9C7-42C5-8AD3-849D14A4E491}.Debug|Any CPU.Deploy.0 = Debug|Any CPU
		{0653EC90-E9C7-42C5-8AD3-849D14A4E491}.Debug|ARM.ActiveCfg = Debug|ARM
		{0653EC90-E9C7-42C5-8AD3-849D14A4E491}.Debug|ARM.Build.0 = Debug|ARM
		{0653EC90-E9C7-42C5-8AD3-849D14A4E491}.Debug|ARM.Deploy.0 = Debug|ARM
		{0653EC90-E9C7-42C5-8AD3-849D14A4E491}.Debug|x64.ActiveCfg = Debug|x64
		{0653EC90-E9C7-42C5-8AD3-849D14A4E491}.Debug|x64.Build.0 = Debug|x64
		{0653EC90-E9C7-42C5-8AD3-849D14A4E491}.Debug|x64.Deploy.0 = Debug|x64
		{0653EC90-E9C7-42C5-8AD3-849D14A4E491}.Debug|x86.ActiveCfg = Debug|x86
		{0653EC90-E9C7-42C5-8AD3-849D14A4E491}.Debug|x86.Build.0 = Debug|x86
		{0653EC90-E9C7-42C5-8AD3-849D14A4E491}.Debug|x86.Deploy.0 = Debug|x86
		{0653EC90-E9C7-42C5-8AD3-849D14A4E491}.Release|Any CPU.ActiveCfg = Release|Any CPU
		{0653EC90-E9C7-42C5-8AD3-849D14A4E491}.Release|Any CPU.Build.0 = Release|Any CPU
		{0653EC90-E9C7-42C5-8AD3-849D14A4E491}.Release|Any CPU.Deploy.0 = Release|Any CPU
		{0653EC90-E9C7-42C5-8AD3-849D14A4E491}.Release|ARM.ActiveCfg = Release|ARM
		{0653EC90-E9C7-42C5-8AD3-849D14A4E491}.Release|ARM.Build.0 = Release|ARM
		{0653EC90-E9C7-42C5-8AD3-849D14A4E491}.Release|ARM.Deploy.0 = Release|ARM
		{0653EC90-E9C7-42C5-8AD3-849D14A4E491}.Release|x64.ActiveCfg = Release|x64
		{0653EC90-E9C7-42C5-8AD3-849D14A4E491}.Release|x64.Build.0 = Release|x64
		{0653EC90-E9C7-42C5-8AD3-849D14A4E491}.Release|x64.Deploy.0 = Release|x64
		{0653EC90-E9C7-42C5-8AD3-849D14A4E491}.Release|x86.ActiveCfg = Release|x86
		{0653EC90-E9C7-42C5-8AD3-849D14A4E491}.Release|x86.Build.0 = Release|x86
		{0653EC90-E9C7-42C5-8AD3-849D14A4E491}.Release|x86.Deploy.0 = Release|x86
		{1B6A0219-C039-44F5-956C-FE5806310738}.Debug|Any CPU.ActiveCfg = Debug|Any CPU
		{1B6A0219-C039-44F5-956C-FE5806310738}.Debug|Any CPU.Build.0 = Debug|Any CPU
		{1B6A0219-C039-44F5-956C-FE5806310738}.Debug|Any CPU.Deploy.0 = Debug|Any CPU
		{1B6A0219-C039-44F5-956C-FE5806310738}.Debug|ARM.ActiveCfg = Debug|ARM
		{1B6A0219-C039-44F5-956C-FE5806310738}.Debug|ARM.Build.0 = Debug|ARM
		{1B6A0219-C039-44F5-956C-FE5806310738}.Debug|ARM.Deploy.0 = Debug|ARM
		{1B6A0219-C039-44F5-956C-FE5806310738}.Debug|x64.ActiveCfg = Debug|Any CPU
		{1B6A0219-C039-44F5-956C-FE5806310738}.Debug|x86.ActiveCfg = Debug|x86
		{1B6A0219-C039-44F5-956C-FE5806310738}.Debug|x86.Build.0 = Debug|x86
		{1B6A0219-C039-44F5-956C-FE5806310738}.Debug|x86.Deploy.0 = Debug|x86
		{1B6A0219-C039-44F5-956C-FE5806310738}.Release|Any CPU.ActiveCfg = Release|Any CPU
		{1B6A0219-C039-44F5-956C-FE5806310738}.Release|Any CPU.Build.0 = Release|Any CPU
		{1B6A0219-C039-44F5-956C-FE5806310738}.Release|Any CPU.Deploy.0 = Release|Any CPU
		{1B6A0219-C039-44F5-956C-FE5806310738}.Release|ARM.ActiveCfg = Release|ARM
		{1B6A0219-C039-44F5-956C-FE5806310738}.Release|ARM.Build.0 = Release|ARM
		{1B6A0219-C039-44F5-956C-FE5806310738}.Release|ARM.Deploy.0 = Release|ARM
		{1B6A0219-C039-44F5-956C-FE5806310738}.Release|x64.ActiveCfg = Release|Any CPU
		{1B6A0219-C039-44F5-956C-FE5806310738}.Release|x86.ActiveCfg = Release|x86
		{1B6A0219-C039-44F5-956C-FE5806310738}.Release|x86.Build.0 = Release|x86
		{1B6A0219-C039-44F5-956C-FE5806310738}.Release|x86.Deploy.0 = Release|x86
	EndGlobalSection
	GlobalSection(SolutionProperties) = preSolution
		HideSolutionNode = FALSE
	EndGlobalSection
	GlobalSection(NestedProjects) = preSolution
		{F735F8D4-3DF2-4EA1-AE99-D54D4B88C5F5} = {1B708F90-E6A0-4FF9-8C2C-7CFC8EFAF31E}
		{0653EC90-E9C7-42C5-8AD3-849D14A4E491} = {1B708F90-E6A0-4FF9-8C2C-7CFC8EFAF31E}
		{1B6A0219-C039-44F5-956C-FE5806310738} = {1B708F90-E6A0-4FF9-8C2C-7CFC8EFAF31E}
	EndGlobalSection
EndGlobal
